
Microsoft Visual Studio Solution File, Format Version 12.00
# Visual Studio Version 17
VisualStudioVersion = 17.9.34728.123
MinimumVisualStudioVersion = 10.0.40219.1
Project("{9A19103F-16F7-4668-BE54-9A1E7A4F7556}") = "Romanel.Evaluation.API", "Romanel.Evaluation.API\Romanel.Evaluation.API.csproj", "{3C64CD65-52D9-43AB-89DF-562930322272}"
EndProject
Project("{9A19103F-16F7-4668-BE54-9A1E7A4F7556}") = "Romanel.Evaluation.Domain", "Romanel.Evaluation.domain\Romanel.Evaluation.Domain.csproj", "{9DBEC9D2-5893-4B91-8E37-DEAE96CFC941}"
EndProject
Project("{9A19103F-16F7-4668-BE54-9A1E7A4F7556}") = "Romanel.Evaluation.Application", "Romanel.Evaluation.Application\Romanel.Evaluation.Application.csproj", "{5AF2EDBC-7601-4C01-B5E2-87EF69251C97}"
EndProject
Project("{9A19103F-16F7-4668-BE54-9A1E7A4F7556}") = "Romanel.Evaluation.Infrastructure", "Romanel.Evaluation.Infrastructure\Romanel.Evaluation.Infrastructure.csproj", "{E1781C20-66F4-4F20-935A-ACA7B552CDA2}"
EndProject
Project("{E53339B2-1760-4266-BCC7-CA923CBCF16C}") = "docker-compose", "docker-compose.dcproj", "{4FEE32F1-C185-40EC-9A41-E632D4D11CC6}"
EndProject
Project("{FAE04EC0-301F-11D3-BF4B-00C04F79EFBC}") = "Romanel.Evaluation.Tests", "..\Romanel.Evaluation.Tests\Romanel.Evaluation.Tests.csproj", "{FA33E852-DEF5-42DF-91D0-3B7C4700B124}"
EndProject
Global
	GlobalSection(SolutionConfigurationPlatforms) = preSolution
		Debug|Any CPU = Debug|Any CPU
		Release|Any CPU = Release|Any CPU
	EndGlobalSection
	GlobalSection(ProjectConfigurationPlatforms) = postSolution
		{3C64CD65-52D9-43AB-89DF-562930322272}.Debug|Any CPU.ActiveCfg = Debug|Any CPU
		{3C64CD65-52D9-43AB-89DF-562930322272}.Debug|Any CPU.Build.0 = Debug|Any CPU
		{3C64CD65-52D9-43AB-89DF-562930322272}.Release|Any CPU.ActiveCfg = Release|Any CPU
		{3C64CD65-52D9-43AB-89DF-562930322272}.Release|Any CPU.Build.0 = Release|Any CPU
		{9DBEC9D2-5893-4B91-8E37-DEAE96CFC941}.Debug|Any CPU.ActiveCfg = Debug|Any CPU
		{9DBEC9D2-5893-4B91-8E37-DEAE96CFC941}.Debug|Any CPU.Build.0 = Debug|Any CPU
		{9DBEC9D2-5893-4B91-8E37-DEAE96CFC941}.Release|Any CPU.ActiveCfg = Release|Any CPU
		{9DBEC9D2-5893-4B91-8E37-DEAE96CFC941}.Release|Any CPU.Build.0 = Release|Any CPU
		{5AF2EDBC-7601-4C01-B5E2-87EF69251C97}.Debug|Any CPU.ActiveCfg = Debug|Any CPU
		{5AF2EDBC-7601-4C01-B5E2-87EF69251C97}.Debug|Any CPU.Build.0 = Debug|Any CPU
		{5AF2EDBC-7601-4C01-B5E2-87EF69251C97}.Release|Any CPU.ActiveCfg = Release|Any CPU
		{5AF2EDBC-7601-4C01-B5E2-87EF69251C97}.Release|Any CPU.Build.0 = Release|Any CPU
		{E1781C20-66F4-4F20-935A-ACA7B552CDA2}.Debug|Any CPU.ActiveCfg = Debug|Any CPU
		{E1781C20-66F4-4F20-935A-ACA7B552CDA2}.Debug|Any CPU.Build.0 = Debug|Any CPU
		{E1781C20-66F4-4F20-935A-ACA7B552CDA2}.Release|Any CPU.ActiveCfg = Release|Any CPU
		{E1781C20-66F4-4F20-935A-ACA7B552CDA2}.Release|Any CPU.Build.0 = Release|Any CPU
		{4FEE32F1-C185-40EC-9A41-E632D4D11CC6}.Debug|Any CPU.ActiveCfg = Debug|Any CPU
		{4FEE32F1-C185-40EC-9A41-E632D4D11CC6}.Debug|Any CPU.Build.0 = Debug|Any CPU
		{4FEE32F1-C185-40EC-9A41-E632D4D11CC6}.Release|Any CPU.ActiveCfg = Release|Any CPU
		{4FEE32F1-C185-40EC-9A41-E632D4D11CC6}.Release|Any CPU.Build.0 = Release|Any CPU
		{FA33E852-DEF5-42DF-91D0-3B7C4700B124}.Debug|Any CPU.ActiveCfg = Debug|Any CPU
		{FA33E852-DEF5-42DF-91D0-3B7C4700B124}.Debug|Any CPU.Build.0 = Debug|Any CPU
		{FA33E852-DEF5-42DF-91D0-3B7C4700B124}.Release|Any CPU.ActiveCfg = Release|Any CPU
		{FA33E852-DEF5-42DF-91D0-3B7C4700B124}.Release|Any CPU.Build.0 = Release|Any CPU
	EndGlobalSection
	GlobalSection(SolutionProperties) = preSolution
		HideSolutionNode = FALSE
	EndGlobalSection
	GlobalSection(ExtensibilityGlobals) = postSolution
		SolutionGuid = {54E48D8E-E7AA-4AA2-B22D-2FCF213BF93D}
	EndGlobalSection
EndGlobal
